
Microsoft Visual Studio Solution File, Format Version 12.00
# Visual Studio 14
VisualStudioVersion = 14.0.24720.0
MinimumVisualStudioVersion = 10.0.40219.1
Project("{2150E333-8FDC-42A3-9474-1A3956D46DE8}") = "Output4Epam.PL", "Output4Epam.PL", "{DB1B569A-72E1-456E-92D4-C99B347AB5C1}"
EndProject
Project("{2150E333-8FDC-42A3-9474-1A3956D46DE8}") = "Output4Epam.BLL", "Output4Epam.BLL", "{BD5751EC-1390-4DD8-8389-8F107E5524BD}"
EndProject
Project("{2150E333-8FDC-42A3-9474-1A3956D46DE8}") = "Output4Epam.DAL", "Output4Epam.DAL", "{B3F3A8AC-733C-4342-A65F-1E43434D4C7D}"
EndProject
Project("{2150E333-8FDC-42A3-9474-1A3956D46DE8}") = "Output4Epam.Entities", "Output4Epam.Entities", "{9F4EA9AE-742C-4D47-AB64-C14BD5368112}"
EndProject
Project("{FAE04EC0-301F-11D3-BF4B-00C04F79EFBC}") = "Output4Epam.Entities", "Output4Epam.Entities\Output4Epam.Entities.csproj", "{64CDA2CE-EC2E-4136-9120-5ECA8D0CE270}"
EndProject
Project("{FAE04EC0-301F-11D3-BF4B-00C04F79EFBC}") = "Output4Epam.BLL.Core", "Output4Epam.BLL.Core\Output4Epam.BLL.Core.csproj", "{A69FF3AE-FB0A-4B14-9325-ABE1CDBB72B0}"
EndProject
Project("{FAE04EC0-301F-11D3-BF4B-00C04F79EFBC}") = "Output4Epam.BLL.Interface", "Output4Epam.BLL.Interface\Output4Epam.BLL.Interface.csproj", "{B70FB735-1787-4083-ABD3-2EB7071F0A97}"
EndProject
Project("{FAE04EC0-301F-11D3-BF4B-00C04F79EFBC}") = "Output4Epam.Entities.Interface", "Output4Epam.Entities.Interface\Output4Epam.Entities.Interface.csproj", "{71394255-1AE8-440D-978B-7073BEBB90EF}"
EndProject
Project("{FAE04EC0-301F-11D3-BF4B-00C04F79EFBC}") = "Output4Epam.PL.ASPNET", "Output4Epam.PL.ASPNET\Output4Epam.PL.ASPNET.csproj", "{D19945E8-0CDF-4D91-9F92-A6E001B6A99E}"
EndProject
Project("{FAE04EC0-301F-11D3-BF4B-00C04F79EFBC}") = "Outpu4Epam.DAL.Interface", "Outpu4Epam.DAL.Interface\Outpu4Epam.DAL.Interface.csproj", "{72114F41-EC38-4D96-83EB-E6F5D6E46A5D}"
EndProject
Project("{FAE04EC0-301F-11D3-BF4B-00C04F79EFBC}") = "Outpu4Epam.DAL.SQL", "Outpu4Epam.DAL.SQL\Outpu4Epam.DAL.SQL.csproj", "{122BE1BE-906A-408A-843C-11B983C9B171}"
EndProject
Global
	GlobalSection(SolutionConfigurationPlatforms) = preSolution
		Debug|Any CPU = Debug|Any CPU
		Release|Any CPU = Release|Any CPU
	EndGlobalSection
	GlobalSection(ProjectConfigurationPlatforms) = postSolution
		{64CDA2CE-EC2E-4136-9120-5ECA8D0CE270}.Debug|Any CPU.ActiveCfg = Debug|Any CPU
		{64CDA2CE-EC2E-4136-9120-5ECA8D0CE270}.Debug|Any CPU.Build.0 = Debug|Any CPU
		{64CDA2CE-EC2E-4136-9120-5ECA8D0CE270}.Release|Any CPU.ActiveCfg = Release|Any CPU
		{64CDA2CE-EC2E-4136-9120-5ECA8D0CE270}.Release|Any CPU.Build.0 = Release|Any CPU
		{A69FF3AE-FB0A-4B14-9325-ABE1CDBB72B0}.Debug|Any CPU.ActiveCfg = Debug|Any CPU
		{A69FF3AE-FB0A-4B14-9325-ABE1CDBB72B0}.Debug|Any CPU.Build.0 = Debug|Any CPU
		{A69FF3AE-FB0A-4B14-9325-ABE1CDBB72B0}.Release|Any CPU.ActiveCfg = Release|Any CPU
		{A69FF3AE-FB0A-4B14-9325-ABE1CDBB72B0}.Release|Any CPU.Build.0 = Release|Any CPU
		{B70FB735-1787-4083-ABD3-2EB7071F0A97}.Debug|Any CPU.ActiveCfg = Debug|Any CPU
		{B70FB735-1787-4083-ABD3-2EB7071F0A97}.Debug|Any CPU.Build.0 = Debug|Any CPU
		{B70FB735-1787-4083-ABD3-2EB7071F0A97}.Release|Any CPU.ActiveCfg = Release|Any CPU
		{B70FB735-1787-4083-ABD3-2EB7071F0A97}.Release|Any CPU.Build.0 = Release|Any CPU
		{71394255-1AE8-440D-978B-7073BEBB90EF}.Debug|Any CPU.ActiveCfg = Debug|Any CPU
		{71394255-1AE8-440D-978B-7073BEBB90EF}.Debug|Any CPU.Build.0 = Debug|Any CPU
		{71394255-1AE8-440D-978B-7073BEBB90EF}.Release|Any CPU.ActiveCfg = Release|Any CPU
		{71394255-1AE8-440D-978B-7073BEBB90EF}.Release|Any CPU.Build.0 = Release|Any CPU
		{D19945E8-0CDF-4D91-9F92-A6E001B6A99E}.Debug|Any CPU.ActiveCfg = Debug|Any CPU
		{D19945E8-0CDF-4D91-9F92-A6E001B6A99E}.Debug|Any CPU.Build.0 = Debug|Any CPU
		{D19945E8-0CDF-4D91-9F92-A6E001B6A99E}.Release|Any CPU.ActiveCfg = Release|Any CPU
		{D19945E8-0CDF-4D91-9F92-A6E001B6A99E}.Release|Any CPU.Build.0 = Release|Any CPU
		{72114F41-EC38-4D96-83EB-E6F5D6E46A5D}.Debug|Any CPU.ActiveCfg = Debug|Any CPU
		{72114F41-EC38-4D96-83EB-E6F5D6E46A5D}.Debug|Any CPU.Build.0 = Debug|Any CPU
		{72114F41-EC38-4D96-83EB-E6F5D6E46A5D}.Release|Any CPU.ActiveCfg = Release|Any CPU
		{72114F41-EC38-4D96-83EB-E6F5D6E46A5D}.Release|Any CPU.Build.0 = Release|Any CPU
		{122BE1BE-906A-408A-843C-11B983C9B171}.Debug|Any CPU.ActiveCfg = Debug|Any CPU
		{122BE1BE-906A-408A-843C-11B983C9B171}.Debug|Any CPU.Build.0 = Debug|Any CPU
		{122BE1BE-906A-408A-843C-11B983C9B171}.Release|Any CPU.ActiveCfg = Release|Any CPU
		{122BE1BE-906A-408A-843C-11B983C9B171}.Release|Any CPU.Build.0 = Release|Any CPU
	EndGlobalSection
	GlobalSection(SolutionProperties) = preSolution
		HideSolutionNode = FALSE
	EndGlobalSection
	GlobalSection(NestedProjects) = preSolution
		{64CDA2CE-EC2E-4136-9120-5ECA8D0CE270} = {9F4EA9AE-742C-4D47-AB64-C14BD5368112}
		{A69FF3AE-FB0A-4B14-9325-ABE1CDBB72B0} = {BD5751EC-1390-4DD8-8389-8F107E5524BD}
		{B70FB735-1787-4083-ABD3-2EB7071F0A97} = {BD5751EC-1390-4DD8-8389-8F107E5524BD}
		{71394255-1AE8-440D-978B-7073BEBB90EF} = {9F4EA9AE-742C-4D47-AB64-C14BD5368112}
		{D19945E8-0CDF-4D91-9F92-A6E001B6A99E} = {DB1B569A-72E1-456E-92D4-C99B347AB5C1}
		{72114F41-EC38-4D96-83EB-E6F5D6E46A5D} = {B3F3A8AC-733C-4342-A65F-1E43434D4C7D}
		{122BE1BE-906A-408A-843C-11B983C9B171} = {B3F3A8AC-733C-4342-A65F-1E43434D4C7D}
	EndGlobalSection
EndGlobal
